
Microsoft Visual Studio Solution File, Format Version 12.00
# Visual Studio Version 16
VisualStudioVersion = 16.0.31515.178
MinimumVisualStudioVersion = 10.0.40219.1
Project("{9A19103F-16F7-4668-BE54-9A1E7A4F7556}") = "Main", "Main\Main.csproj", "{5AD9B896-70B1-4B80-8AB4-79EDBC39FBB9}"
EndProject
Project("{FAE04EC0-301F-11D3-BF4B-00C04F79EFBC}") = "FileManager", "FileManager\FileManager.csproj", "{B64B1509-CB82-4D96-9BE4-27B15287F8D9}"
EndProject
Project("{9A19103F-16F7-4668-BE54-9A1E7A4F7556}") = "TelegramBot", "TelegramBot\TelegramBot.csproj", "{B477B532-93D4-489B-83FD-44594AB18008}"
EndProject
Project("{9A19103F-16F7-4668-BE54-9A1E7A4F7556}") = "QueueBot", "QueueBot\QueueBot.csproj", "{6BA3F07E-A2AB-4C88-87E9-75075D452E6D}"
EndProject
Project("{FAE04EC0-301F-11D3-BF4B-00C04F79EFBC}") = "TableParser", "TableParser\TableParser.csproj", "{ECEDBEE8-E9FE-4E0B-9F18-F685C6C0E4B5}"
EndProject
Global
	GlobalSection(SolutionConfigurationPlatforms) = preSolution
		Debug|Any CPU = Debug|Any CPU
		Release|Any CPU = Release|Any CPU
	EndGlobalSection
	GlobalSection(ProjectConfigurationPlatforms) = postSolution
		{5AD9B896-70B1-4B80-8AB4-79EDBC39FBB9}.Debug|Any CPU.ActiveCfg = Debug|Any CPU
		{5AD9B896-70B1-4B80-8AB4-79EDBC39FBB9}.Debug|Any CPU.Build.0 = Debug|Any CPU
		{5AD9B896-70B1-4B80-8AB4-79EDBC39FBB9}.Release|Any CPU.ActiveCfg = Release|Any CPU
		{5AD9B896-70B1-4B80-8AB4-79EDBC39FBB9}.Release|Any CPU.Build.0 = Release|Any CPU
		{B64B1509-CB82-4D96-9BE4-27B15287F8D9}.Debug|Any CPU.ActiveCfg = Debug|Any CPU
		{B64B1509-CB82-4D96-9BE4-27B15287F8D9}.Debug|Any CPU.Build.0 = Debug|Any CPU
		{B64B1509-CB82-4D96-9BE4-27B15287F8D9}.Release|Any CPU.ActiveCfg = Release|Any CPU
		{B64B1509-CB82-4D96-9BE4-27B15287F8D9}.Release|Any CPU.Build.0 = Release|Any CPU
		{B477B532-93D4-489B-83FD-44594AB18008}.Debug|Any CPU.ActiveCfg = Debug|Any CPU
		{B477B532-93D4-489B-83FD-44594AB18008}.Debug|Any CPU.Build.0 = Debug|Any CPU
		{B477B532-93D4-489B-83FD-44594AB18008}.Release|Any CPU.ActiveCfg = Release|Any CPU
		{B477B532-93D4-489B-83FD-44594AB18008}.Release|Any CPU.Build.0 = Release|Any CPU
		{6BA3F07E-A2AB-4C88-87E9-75075D452E6D}.Debug|Any CPU.ActiveCfg = Debug|Any CPU
		{6BA3F07E-A2AB-4C88-87E9-75075D452E6D}.Debug|Any CPU.Build.0 = Debug|Any CPU
		{6BA3F07E-A2AB-4C88-87E9-75075D452E6D}.Release|Any CPU.ActiveCfg = Release|Any CPU
		{6BA3F07E-A2AB-4C88-87E9-75075D452E6D}.Release|Any CPU.Build.0 = Release|Any CPU
		{ECEDBEE8-E9FE-4E0B-9F18-F685C6C0E4B5}.Debug|Any CPU.ActiveCfg = Debug|Any CPU
		{ECEDBEE8-E9FE-4E0B-9F18-F685C6C0E4B5}.Debug|Any CPU.Build.0 = Debug|Any CPU
		{ECEDBEE8-E9FE-4E0B-9F18-F685C6C0E4B5}.Release|Any CPU.ActiveCfg = Release|Any CPU
		{ECEDBEE8-E9FE-4E0B-9F18-F685C6C0E4B5}.Release|Any CPU.Build.0 = Release|Any CPU
	EndGlobalSection
	GlobalSection(SolutionProperties) = preSolution
		HideSolutionNode = FALSE
	EndGlobalSection
	GlobalSection(ExtensibilityGlobals) = postSolution
		SolutionGuid = {44A968D9-5A65-42B4-BCBB-6B265916FB9E}
	EndGlobalSection
EndGlobal
