
Microsoft Visual Studio Solution File, Format Version 12.00
# Visual Studio Version 16
VisualStudioVersion = 16.0.30523.141
MinimumVisualStudioVersion = 10.0.40219.1
Project("{FAE04EC0-301F-11D3-BF4B-00C04F79EFBC}") = "urfuQueueBot", "urfuQueueBot\urfuQueueBot.csproj", "{B255F583-478E-4652-B5B6-4F52AA4D11D1}"
EndProject
Global
	GlobalSection(SolutionConfigurationPlatforms) = preSolution
		Debug|Any CPU = Debug|Any CPU
		Release|Any CPU = Release|Any CPU
	EndGlobalSection
	GlobalSection(ProjectConfigurationPlatforms) = postSolution
		{B255F583-478E-4652-B5B6-4F52AA4D11D1}.Debug|Any CPU.ActiveCfg = Debug|Any CPU
		{B255F583-478E-4652-B5B6-4F52AA4D11D1}.Debug|Any CPU.Build.0 = Debug|Any CPU
		{B255F583-478E-4652-B5B6-4F52AA4D11D1}.Release|Any CPU.ActiveCfg = Release|Any CPU
		{B255F583-478E-4652-B5B6-4F52AA4D11D1}.Release|Any CPU.Build.0 = Release|Any CPU
	EndGlobalSection
	GlobalSection(SolutionProperties) = preSolution
		HideSolutionNode = FALSE
	EndGlobalSection
	GlobalSection(ExtensibilityGlobals) = postSolution
		SolutionGuid = {AC44AD05-3FCF-42AF-9AA5-1A8C2805D65D}
	EndGlobalSection
EndGlobal
